
Microsoft Visual Studio Solution File, Format Version 12.00
# Visual Studio Version 17
VisualStudioVersion = 17.11.35303.130
MinimumVisualStudioVersion = 10.0.40219.1
Project("{FAE04EC0-301F-11D3-BF4B-00C04F79EFBC}") = "WeatherApplication", "WeatherApplication.csproj", "{110618F7-FE51-4E2C-80A6-2047A84703D4}"
EndProject
Global
	GlobalSection(SolutionConfigurationPlatforms) = preSolution
		Debug|Any CPU = Debug|Any CPU
		Release|Any CPU = Release|Any CPU
	EndGlobalSection
	GlobalSection(ProjectConfigurationPlatforms) = postSolution
		{110618F7-FE51-4E2C-80A6-2047A84703D4}.Debug|Any CPU.ActiveCfg = Debug|Any CPU
		{110618F7-FE51-4E2C-80A6-2047A84703D4}.Debug|Any CPU.Build.0 = Debug|Any CPU
		{110618F7-FE51-4E2C-80A6-2047A84703D4}.Release|Any CPU.ActiveCfg = Release|Any CPU
		{110618F7-FE51-4E2C-80A6-2047A84703D4}.Release|Any CPU.Build.0 = Release|Any CPU
	EndGlobalSection
	GlobalSection(SolutionProperties) = preSolution
		HideSolutionNode = FALSE
	EndGlobalSection
	GlobalSection(ExtensibilityGlobals) = postSolution
		SolutionGuid = {CE5DB4A2-525D-4872-A115-82F4B9723DB5}
	EndGlobalSection
EndGlobal
